
Microsoft Visual Studio Solution File, Format Version 12.00
# Visual Studio 15
VisualStudioVersion = 15.0.26730.12
MinimumVisualStudioVersion = 10.0.40219.1
Project("{FAE04EC0-301F-11D3-BF4B-00C04F79EFBC}") = "DigitSum", "DigitSum\DigitSum.csproj", "{DC1963B5-AEA7-44CB-815C-A978EB68F4BB}"
EndProject
Global
	GlobalSection(SolutionConfigurationPlatforms) = preSolution
		Debug|Any CPU = Debug|Any CPU
		Release|Any CPU = Release|Any CPU
	EndGlobalSection
	GlobalSection(ProjectConfigurationPlatforms) = postSolution
		{DC1963B5-AEA7-44CB-815C-A978EB68F4BB}.Debug|Any CPU.ActiveCfg = Debug|Any CPU
		{DC1963B5-AEA7-44CB-815C-A978EB68F4BB}.Debug|Any CPU.Build.0 = Debug|Any CPU
		{DC1963B5-AEA7-44CB-815C-A978EB68F4BB}.Release|Any CPU.ActiveCfg = Release|Any CPU
		{DC1963B5-AEA7-44CB-815C-A978EB68F4BB}.Release|Any CPU.Build.0 = Release|Any CPU
	EndGlobalSection
	GlobalSection(SolutionProperties) = preSolution
		HideSolutionNode = FALSE
	EndGlobalSection
	GlobalSection(ExtensibilityGlobals) = postSolution
		SolutionGuid = {FA67717B-F343-453A-BF27-AED846D0EB2A}
	EndGlobalSection
EndGlobal
